// !$*UTF8*$!
{
	archiveVersion = 1;
	classes = {
	};
	objectVersion = 56;
	objects = {

/* Begin PBXBuildFile section */
		69384F522B949383005583E6 /* OpenAi.swift in Sources */ = {isa = PBXBuildFile; fileRef = 69384F512B949383005583E6 /* OpenAi.swift */; };
		69384F562B9493DE005583E6 /* Alamofire in Frameworks */ = {isa = PBXBuildFile; productRef = 69384F552B9493DE005583E6 /* Alamofire */; };
		69384F582B9493F4005583E6 /* API.swift in Sources */ = {isa = PBXBuildFile; fileRef = 69384F572B9493F4005583E6 /* API.swift */; };
		69384F5A2B949402005583E6 /* OpenAI.swift in Sources */ = {isa = PBXBuildFile; fileRef = 69384F592B949402005583E6 /* OpenAI.swift */; };
		69384F5E2B94DF3C005583E6 /* AssistantTableViewCell.swift in Sources */ = {isa = PBXBuildFile; fileRef = 69384F5D2B94DF3C005583E6 /* AssistantTableViewCell.swift */; };
		69384F602B95AB36005583E6 /* Chat.swift in Sources */ = {isa = PBXBuildFile; fileRef = 69384F5F2B95AB36005583E6 /* Chat.swift */; };
		69384F642B9656DC005583E6 /* Download.swift in Sources */ = {isa = PBXBuildFile; fileRef = 69384F632B9656DC005583E6 /* Download.swift */; };
		694747B12BA0930100C58037 /* SwiftDataTables in Frameworks */ = {isa = PBXBuildFile; productRef = 694747B02BA0930100C58037 /* SwiftDataTables */; };
		694747B82BA4E73100C58037 /* Video.swift in Sources */ = {isa = PBXBuildFile; fileRef = 694747B72BA4E73100C58037 /* Video.swift */; };
		694747BB2BA9C81600C58037 /* SwiftEntryKit in Frameworks */ = {isa = PBXBuildFile; productRef = 694747BA2BA9C81600C58037 /* SwiftEntryKit */; };
		694807BF2B591209000AEEC5 /* QuizTableViewCell.swift in Sources */ = {isa = PBXBuildFile; fileRef = 694807BE2B591209000AEEC5 /* QuizTableViewCell.swift */; };
		694807C12B59C692000AEEC5 /* ChatTableViewCell.swift in Sources */ = {isa = PBXBuildFile; fileRef = 694807C02B59C692000AEEC5 /* ChatTableViewCell.swift */; };
		694807C42B5D14BD000AEEC5 /* IQKeyboardManagerSwift in Frameworks */ = {isa = PBXBuildFile; productRef = 694807C32B5D14BD000AEEC5 /* IQKeyboardManagerSwift */; };
		6956570E2B5E39790040D532 /* ProjectCollectionViewCell.swift in Sources */ = {isa = PBXBuildFile; fileRef = 6956570D2B5E39790040D532 /* ProjectCollectionViewCell.swift */; };
		695657102B5E795B0040D532 /* App manager.swift in Sources */ = {isa = PBXBuildFile; fileRef = 6956570F2B5E795B0040D532 /* App manager.swift */; };
		695657122B5E7A970040D532 /* Firebase manager.swift in Sources */ = {isa = PBXBuildFile; fileRef = 695657112B5E7A970040D532 /* Firebase manager.swift */; };
		695657162B6231350040D532 /* HelpViewController.swift in Sources */ = {isa = PBXBuildFile; fileRef = 695657152B6231350040D532 /* HelpViewController.swift */; };
		695657192B6238270040D532 /* YoutubePlayerView in Frameworks */ = {isa = PBXBuildFile; productRef = 695657182B6238270040D532 /* YoutubePlayerView */; };
		6956571C2B70BC8B0040D532 /* BonsaiController in Frameworks */ = {isa = PBXBuildFile; productRef = 6956571B2B70BC8B0040D532 /* BonsaiController */; };
		695657212B722A2E0040D532 /* SwiftOpenAI in Frameworks */ = {isa = PBXBuildFile; productRef = 695657202B722A2E0040D532 /* SwiftOpenAI */; };
		695941602B590C9500E34446 /* FirebaseAuthCombine-Community in Frameworks */ = {isa = PBXBuildFile; productRef = 6959415F2B590C9400E34446 /* FirebaseAuthCombine-Community */; };
		695941622B590C9500E34446 /* FirebaseFirestoreCombine-Community in Frameworks */ = {isa = PBXBuildFile; productRef = 695941612B590C9500E34446 /* FirebaseFirestoreCombine-Community */; };
		696718342B56483D00C57930 /* VideoViewController.swift in Sources */ = {isa = PBXBuildFile; fileRef = 696718332B56483D00C57930 /* VideoViewController.swift */; };
		696718362B5694E300C57930 /* Extention TextField.swift in Sources */ = {isa = PBXBuildFile; fileRef = 696718352B5694E300C57930 /* Extention TextField.swift */; };
		696718382B569F2F00C57930 /* Extention View Controller.swift in Sources */ = {isa = PBXBuildFile; fileRef = 696718372B569F2F00C57930 /* Extention View Controller.swift */; };
		6967183C2B57BA0600C57930 /* NVActivityIndicatorView in Frameworks */ = {isa = PBXBuildFile; productRef = 6967183B2B57BA0600C57930 /* NVActivityIndicatorView */; };
		6967183E2B57BA0600C57930 /* NVActivityIndicatorViewExtended in Frameworks */ = {isa = PBXBuildFile; productRef = 6967183D2B57BA0600C57930 /* NVActivityIndicatorViewExtended */; };
		697078012B3F5C8F0014C56C /* AppDelegate.swift in Sources */ = {isa = PBXBuildFile; fileRef = 697078002B3F5C8F0014C56C /* AppDelegate.swift */; };
		697078032B3F5C8F0014C56C /* SceneDelegate.swift in Sources */ = {isa = PBXBuildFile; fileRef = 697078022B3F5C8F0014C56C /* SceneDelegate.swift */; };
		697078052B3F5C8F0014C56C /* ViewController.swift in Sources */ = {isa = PBXBuildFile; fileRef = 697078042B3F5C8F0014C56C /* ViewController.swift */; };
		697078082B3F5C8F0014C56C /* Main.storyboard in Resources */ = {isa = PBXBuildFile; fileRef = 697078062B3F5C8F0014C56C /* Main.storyboard */; };
		6970780A2B3F5C900014C56C /* Assets.xcassets in Resources */ = {isa = PBXBuildFile; fileRef = 697078092B3F5C900014C56C /* Assets.xcassets */; };
		6970780D2B3F5C900014C56C /* LaunchScreen.storyboard in Resources */ = {isa = PBXBuildFile; fileRef = 6970780B2B3F5C900014C56C /* LaunchScreen.storyboard */; };
		697078182B3F5C900014C56C /* ExplainMeTests.swift in Sources */ = {isa = PBXBuildFile; fileRef = 697078172B3F5C900014C56C /* ExplainMeTests.swift */; };
		697078222B3F5C900014C56C /* ExplainMeUITests.swift in Sources */ = {isa = PBXBuildFile; fileRef = 697078212B3F5C900014C56C /* ExplainMeUITests.swift */; };
		697078242B3F5C900014C56C /* ExplainMeUITestsLaunchTests.swift in Sources */ = {isa = PBXBuildFile; fileRef = 697078232B3F5C900014C56C /* ExplainMeUITestsLaunchTests.swift */; };
		69875F772B53C16900C78255 /* GoogleSignIn in Frameworks */ = {isa = PBXBuildFile; productRef = 69875F762B53C16900C78255 /* GoogleSignIn */; };
		69875F792B53C16900C78255 /* GoogleSignInSwift in Frameworks */ = {isa = PBXBuildFile; productRef = 69875F782B53C16900C78255 /* GoogleSignInSwift */; };
		69875F7B2B53C4C800C78255 /* GoogleService-Info.plist in Resources */ = {isa = PBXBuildFile; fileRef = 69875F7A2B53C4C800C78255 /* GoogleService-Info.plist */; };
		69B854962B441CDD006BF74D /* LoginViewController.swift in Sources */ = {isa = PBXBuildFile; fileRef = 69B854952B441CDD006BF74D /* LoginViewController.swift */; };
		69B854982B441CFA006BF74D /* SignUpViewController.swift in Sources */ = {isa = PBXBuildFile; fileRef = 69B854972B441CFA006BF74D /* SignUpViewController.swift */; };
		69B8549A2B441D26006BF74D /* ResetPasswordViewController.swift in Sources */ = {isa = PBXBuildFile; fileRef = 69B854992B441D26006BF74D /* ResetPasswordViewController.swift */; };
		69B8549D2B4420CB006BF74D /* Extention View.swift in Sources */ = {isa = PBXBuildFile; fileRef = 69B8549C2B4420CB006BF74D /* Extention View.swift */; };
		69B8549F2B45822F006BF74D /* HomeViewController.swift in Sources */ = {isa = PBXBuildFile; fileRef = 69B8549E2B45822F006BF74D /* HomeViewController.swift */; };
		69B854A12B458267006BF74D /* ProfileViewController.swift in Sources */ = {isa = PBXBuildFile; fileRef = 69B854A02B458267006BF74D /* ProfileViewController.swift */; };
		69B854A32B458293006BF74D /* ProjectsViewController.swift in Sources */ = {isa = PBXBuildFile; fileRef = 69B854A22B458293006BF74D /* ProjectsViewController.swift */; };
		69B854A72B4582C0006BF74D /* QuizViewController.swift in Sources */ = {isa = PBXBuildFile; fileRef = 69B854A62B4582C0006BF74D /* QuizViewController.swift */; };
		69B854A92B4582D8006BF74D /* SummaryViewController.swift in Sources */ = {isa = PBXBuildFile; fileRef = 69B854A82B4582D8006BF74D /* SummaryViewController.swift */; };
		69B854AE2B4587F2006BF74D /* FirebaseAuth in Frameworks */ = {isa = PBXBuildFile; productRef = 69B854AD2B4587F2006BF74D /* FirebaseAuth */; };
		69B854B02B4587F2006BF74D /* FirebaseDatabase in Frameworks */ = {isa = PBXBuildFile; productRef = 69B854AF2B4587F2006BF74D /* FirebaseDatabase */; };
		69B854B22B4587F2006BF74D /* FirebaseDatabaseSwift in Frameworks */ = {isa = PBXBuildFile; productRef = 69B854B12B4587F2006BF74D /* FirebaseDatabaseSwift */; };
		69B854B42B4587F2006BF74D /* FirebaseFirestore in Frameworks */ = {isa = PBXBuildFile; productRef = 69B854B32B4587F2006BF74D /* FirebaseFirestore */; };
		69B854B62B4587F2006BF74D /* FirebaseFirestoreSwift in Frameworks */ = {isa = PBXBuildFile; productRef = 69B854B52B4587F2006BF74D /* FirebaseFirestoreSwift */; };
		69B854B82B4587F2006BF74D /* FirebaseRemoteConfig in Frameworks */ = {isa = PBXBuildFile; productRef = 69B854B72B4587F2006BF74D /* FirebaseRemoteConfig */; };
		69B854BA2B4587F2006BF74D /* FirebaseStorage in Frameworks */ = {isa = PBXBuildFile; productRef = 69B854B92B4587F2006BF74D /* FirebaseStorage */; };
		69B854BD2B53AF17006BF74D /* User.swift in Sources */ = {isa = PBXBuildFile; fileRef = 69B854BC2B53AF17006BF74D /* User.swift */; };
		69BB360B2BAF3FF900E011FD /* videoSpacificationViewController.swift in Sources */ = {isa = PBXBuildFile; fileRef = 69BB360A2BAF3FF900E011FD /* videoSpacificationViewController.swift */; };
		69BB360D2BAF819A00E011FD /* videoSpacificationCollectionViewCell.swift in Sources */ = {isa = PBXBuildFile; fileRef = 69BB360C2BAF819A00E011FD /* videoSpacificationCollectionViewCell.swift */; };
		69BB360F2BAF994D00E011FD /* QuizSaveViewController.swift in Sources */ = {isa = PBXBuildFile; fileRef = 69BB360E2BAF994D00E011FD /* QuizSaveViewController.swift */; };
		69BB36112BAF996400E011FD /* SummarySaveViewController.swift in Sources */ = {isa = PBXBuildFile; fileRef = 69BB36102BAF996400E011FD /* SummarySaveViewController.swift */; };
		69BB36132BAF9EE300E011FD /* QuizSaveTableViewCell.swift in Sources */ = {isa = PBXBuildFile; fileRef = 69BB36122BAF9EE300E011FD /* QuizSaveTableViewCell.swift */; };
		69C6B8B72BB4EE6200348B27 /* HelpCollectionViewCell.swift in Sources */ = {isa = PBXBuildFile; fileRef = 69C6B8B62BB4EE6200348B27 /* HelpCollectionViewCell.swift */; };
/* End PBXBuildFile section */

/* Begin PBXContainerItemProxy section */
		697078142B3F5C900014C56C /* PBXContainerItemProxy */ = {
			isa = PBXContainerItemProxy;
			containerPortal = 697077F52B3F5C8F0014C56C /* Project object */;
			proxyType = 1;
			remoteGlobalIDString = 697077FC2B3F5C8F0014C56C;
			remoteInfo = ExplainMe;
		};
		6970781E2B3F5C900014C56C /* PBXContainerItemProxy */ = {
			isa = PBXContainerItemProxy;
			containerPortal = 697077F52B3F5C8F0014C56C /* Project object */;
			proxyType = 1;
			remoteGlobalIDString = 697077FC2B3F5C8F0014C56C;
			remoteInfo = ExplainMe;
		};
/* End PBXContainerItemProxy section */

/* Begin PBXCopyFilesBuildPhase section */
		6967182F2B551BAC00C57930 /* Embed Foundation Extensions */ = {
			isa = PBXCopyFilesBuildPhase;
			buildActionMask = 2147483647;
			dstPath = "";
			dstSubfolderSpec = 13;
			files = (
			);
			name = "Embed Foundation Extensions";
			runOnlyForDeploymentPostprocessing = 0;
		};
/* End PBXCopyFilesBuildPhase section */

/* Begin PBXFileReference section */
		69384F512B949383005583E6 /* OpenAi.swift */ = {isa = PBXFileReference; lastKnownFileType = sourcecode.swift; path = OpenAi.swift; sourceTree = "<group>"; };
		69384F572B9493F4005583E6 /* API.swift */ = {isa = PBXFileReference; lastKnownFileType = sourcecode.swift; path = API.swift; sourceTree = "<group>"; };
		69384F592B949402005583E6 /* OpenAI.swift */ = {isa = PBXFileReference; lastKnownFileType = sourcecode.swift; path = OpenAI.swift; sourceTree = "<group>"; };
		69384F5D2B94DF3C005583E6 /* AssistantTableViewCell.swift */ = {isa = PBXFileReference; lastKnownFileType = sourcecode.swift; path = AssistantTableViewCell.swift; sourceTree = "<group>"; };
		69384F5F2B95AB36005583E6 /* Chat.swift */ = {isa = PBXFileReference; lastKnownFileType = sourcecode.swift; path = Chat.swift; sourceTree = "<group>"; };
		69384F632B9656DC005583E6 /* Download.swift */ = {isa = PBXFileReference; lastKnownFileType = sourcecode.swift; path = Download.swift; sourceTree = "<group>"; };
		694747B72BA4E73100C58037 /* Video.swift */ = {isa = PBXFileReference; lastKnownFileType = sourcecode.swift; path = Video.swift; sourceTree = "<group>"; };
		694807BE2B591209000AEEC5 /* QuizTableViewCell.swift */ = {isa = PBXFileReference; lastKnownFileType = sourcecode.swift; path = QuizTableViewCell.swift; sourceTree = "<group>"; };
		694807C02B59C692000AEEC5 /* ChatTableViewCell.swift */ = {isa = PBXFileReference; lastKnownFileType = sourcecode.swift; path = ChatTableViewCell.swift; sourceTree = "<group>"; };
		6956570D2B5E39790040D532 /* ProjectCollectionViewCell.swift */ = {isa = PBXFileReference; lastKnownFileType = sourcecode.swift; path = ProjectCollectionViewCell.swift; sourceTree = "<group>"; };
		6956570F2B5E795B0040D532 /* App manager.swift */ = {isa = PBXFileReference; lastKnownFileType = sourcecode.swift; path = "App manager.swift"; sourceTree = "<group>"; };
		695657112B5E7A970040D532 /* Firebase manager.swift */ = {isa = PBXFileReference; lastKnownFileType = sourcecode.swift; path = "Firebase manager.swift"; sourceTree = "<group>"; };
		695657152B6231350040D532 /* HelpViewController.swift */ = {isa = PBXFileReference; lastKnownFileType = sourcecode.swift; path = HelpViewController.swift; sourceTree = "<group>"; };
		696718232B551BAC00C57930 /* AuthenticationServices.framework */ = {isa = PBXFileReference; lastKnownFileType = wrapper.framework; name = AuthenticationServices.framework; path = System/Library/Frameworks/AuthenticationServices.framework; sourceTree = SDKROOT; };
		696718262B551BAC00C57930 /* AccountAuthenticationModificationViewController.swift */ = {isa = PBXFileReference; lastKnownFileType = sourcecode.swift; path = AccountAuthenticationModificationViewController.swift; sourceTree = "<group>"; };
		696718292B551BAC00C57930 /* Base */ = {isa = PBXFileReference; lastKnownFileType = file.storyboard; name = Base; path = Base.lproj/MainInterface.storyboard; sourceTree = "<group>"; };
		6967182B2B551BAC00C57930 /* Info.plist */ = {isa = PBXFileReference; lastKnownFileType = text.plist.xml; path = Info.plist; sourceTree = "<group>"; };
		696718332B56483D00C57930 /* VideoViewController.swift */ = {isa = PBXFileReference; lastKnownFileType = sourcecode.swift; path = VideoViewController.swift; sourceTree = "<group>"; };
		696718352B5694E300C57930 /* Extention TextField.swift */ = {isa = PBXFileReference; lastKnownFileType = sourcecode.swift; path = "Extention TextField.swift"; sourceTree = "<group>"; };
		696718372B569F2F00C57930 /* Extention View Controller.swift */ = {isa = PBXFileReference; lastKnownFileType = sourcecode.swift; path = "Extention View Controller.swift"; sourceTree = "<group>"; };
		696718392B57AAF100C57930 /* ExplainMe.entitlements */ = {isa = PBXFileReference; lastKnownFileType = text.plist.entitlements; path = ExplainMe.entitlements; sourceTree = "<group>"; };
		697077FD2B3F5C8F0014C56C /* ExplainMe.app */ = {isa = PBXFileReference; explicitFileType = wrapper.application; includeInIndex = 0; path = ExplainMe.app; sourceTree = BUILT_PRODUCTS_DIR; };
		697078002B3F5C8F0014C56C /* AppDelegate.swift */ = {isa = PBXFileReference; lastKnownFileType = sourcecode.swift; path = AppDelegate.swift; sourceTree = "<group>"; };
		697078022B3F5C8F0014C56C /* SceneDelegate.swift */ = {isa = PBXFileReference; lastKnownFileType = sourcecode.swift; path = SceneDelegate.swift; sourceTree = "<group>"; };
		697078042B3F5C8F0014C56C /* ViewController.swift */ = {isa = PBXFileReference; lastKnownFileType = sourcecode.swift; path = ViewController.swift; sourceTree = "<group>"; };
		697078072B3F5C8F0014C56C /* Base */ = {isa = PBXFileReference; lastKnownFileType = file.storyboard; name = Base; path = Base.lproj/Main.storyboard; sourceTree = "<group>"; };
		697078092B3F5C900014C56C /* Assets.xcassets */ = {isa = PBXFileReference; lastKnownFileType = folder.assetcatalog; path = Assets.xcassets; sourceTree = "<group>"; };
		6970780C2B3F5C900014C56C /* Base */ = {isa = PBXFileReference; lastKnownFileType = file.storyboard; name = Base; path = Base.lproj/LaunchScreen.storyboard; sourceTree = "<group>"; };
		6970780E2B3F5C900014C56C /* Info.plist */ = {isa = PBXFileReference; lastKnownFileType = text.plist.xml; path = Info.plist; sourceTree = "<group>"; };
		697078132B3F5C900014C56C /* ExplainMeTests.xctest */ = {isa = PBXFileReference; explicitFileType = wrapper.cfbundle; includeInIndex = 0; path = ExplainMeTests.xctest; sourceTree = BUILT_PRODUCTS_DIR; };
		697078172B3F5C900014C56C /* ExplainMeTests.swift */ = {isa = PBXFileReference; lastKnownFileType = sourcecode.swift; path = ExplainMeTests.swift; sourceTree = "<group>"; };
		6970781D2B3F5C900014C56C /* ExplainMeUITests.xctest */ = {isa = PBXFileReference; explicitFileType = wrapper.cfbundle; includeInIndex = 0; path = ExplainMeUITests.xctest; sourceTree = BUILT_PRODUCTS_DIR; };
		697078212B3F5C900014C56C /* ExplainMeUITests.swift */ = {isa = PBXFileReference; lastKnownFileType = sourcecode.swift; path = ExplainMeUITests.swift; sourceTree = "<group>"; };
		697078232B3F5C900014C56C /* ExplainMeUITestsLaunchTests.swift */ = {isa = PBXFileReference; lastKnownFileType = sourcecode.swift; path = ExplainMeUITestsLaunchTests.swift; sourceTree = "<group>"; };
		69875F7A2B53C4C800C78255 /* GoogleService-Info.plist */ = {isa = PBXFileReference; fileEncoding = 4; lastKnownFileType = text.plist.xml; path = "GoogleService-Info.plist"; sourceTree = "<group>"; };
		69B854952B441CDD006BF74D /* LoginViewController.swift */ = {isa = PBXFileReference; lastKnownFileType = sourcecode.swift; path = LoginViewController.swift; sourceTree = "<group>"; };
		69B854972B441CFA006BF74D /* SignUpViewController.swift */ = {isa = PBXFileReference; lastKnownFileType = sourcecode.swift; path = SignUpViewController.swift; sourceTree = "<group>"; };
		69B854992B441D26006BF74D /* ResetPasswordViewController.swift */ = {isa = PBXFileReference; lastKnownFileType = sourcecode.swift; path = ResetPasswordViewController.swift; sourceTree = "<group>"; };
		69B8549C2B4420CB006BF74D /* Extention View.swift */ = {isa = PBXFileReference; lastKnownFileType = sourcecode.swift; path = "Extention View.swift"; sourceTree = "<group>"; };
		69B8549E2B45822F006BF74D /* HomeViewController.swift */ = {isa = PBXFileReference; lastKnownFileType = sourcecode.swift; path = HomeViewController.swift; sourceTree = "<group>"; };
		69B854A02B458267006BF74D /* ProfileViewController.swift */ = {isa = PBXFileReference; lastKnownFileType = sourcecode.swift; path = ProfileViewController.swift; sourceTree = "<group>"; };
		69B854A22B458293006BF74D /* ProjectsViewController.swift */ = {isa = PBXFileReference; lastKnownFileType = sourcecode.swift; path = ProjectsViewController.swift; sourceTree = "<group>"; };
		69B854A62B4582C0006BF74D /* QuizViewController.swift */ = {isa = PBXFileReference; lastKnownFileType = sourcecode.swift; path = QuizViewController.swift; sourceTree = "<group>"; };
		69B854A82B4582D8006BF74D /* SummaryViewController.swift */ = {isa = PBXFileReference; lastKnownFileType = sourcecode.swift; path = SummaryViewController.swift; sourceTree = "<group>"; };
		69B854BC2B53AF17006BF74D /* User.swift */ = {isa = PBXFileReference; lastKnownFileType = sourcecode.swift; path = User.swift; sourceTree = "<group>"; };
		69BB360A2BAF3FF900E011FD /* videoSpacificationViewController.swift */ = {isa = PBXFileReference; lastKnownFileType = sourcecode.swift; path = videoSpacificationViewController.swift; sourceTree = "<group>"; };
		69BB360C2BAF819A00E011FD /* videoSpacificationCollectionViewCell.swift */ = {isa = PBXFileReference; lastKnownFileType = sourcecode.swift; path = videoSpacificationCollectionViewCell.swift; sourceTree = "<group>"; };
		69BB360E2BAF994D00E011FD /* QuizSaveViewController.swift */ = {isa = PBXFileReference; lastKnownFileType = sourcecode.swift; path = QuizSaveViewController.swift; sourceTree = "<group>"; };
		69BB36102BAF996400E011FD /* SummarySaveViewController.swift */ = {isa = PBXFileReference; lastKnownFileType = sourcecode.swift; path = SummarySaveViewController.swift; sourceTree = "<group>"; };
		69BB36122BAF9EE300E011FD /* QuizSaveTableViewCell.swift */ = {isa = PBXFileReference; lastKnownFileType = sourcecode.swift; path = QuizSaveTableViewCell.swift; sourceTree = "<group>"; };
		69C6B8B62BB4EE6200348B27 /* HelpCollectionViewCell.swift */ = {isa = PBXFileReference; lastKnownFileType = sourcecode.swift; path = HelpCollectionViewCell.swift; sourceTree = "<group>"; };
/* End PBXFileReference section */

/* Begin PBXFrameworksBuildPhase section */
		697077FA2B3F5C8F0014C56C /* Frameworks */ = {
			isa = PBXFrameworksBuildPhase;
			buildActionMask = 2147483647;
			files = (
				6956571C2B70BC8B0040D532 /* BonsaiController in Frameworks */,
				6967183E2B57BA0600C57930 /* NVActivityIndicatorViewExtended in Frameworks */,
				69875F792B53C16900C78255 /* GoogleSignInSwift in Frameworks */,
				69B854B62B4587F2006BF74D /* FirebaseFirestoreSwift in Frameworks */,
				69875F772B53C16900C78255 /* GoogleSignIn in Frameworks */,
				69B854B22B4587F2006BF74D /* FirebaseDatabaseSwift in Frameworks */,
				695657192B6238270040D532 /* YoutubePlayerView in Frameworks */,
				694747B12BA0930100C58037 /* SwiftDataTables in Frameworks */,
				69B854B42B4587F2006BF74D /* FirebaseFirestore in Frameworks */,
				69B854B82B4587F2006BF74D /* FirebaseRemoteConfig in Frameworks */,
				69384F562B9493DE005583E6 /* Alamofire in Frameworks */,
				694807C42B5D14BD000AEEC5 /* IQKeyboardManagerSwift in Frameworks */,
				694747BB2BA9C81600C58037 /* SwiftEntryKit in Frameworks */,
				695941622B590C9500E34446 /* FirebaseFirestoreCombine-Community in Frameworks */,
				695657212B722A2E0040D532 /* SwiftOpenAI in Frameworks */,
				6967183C2B57BA0600C57930 /* NVActivityIndicatorView in Frameworks */,
				69B854BA2B4587F2006BF74D /* FirebaseStorage in Frameworks */,
				69B854B02B4587F2006BF74D /* FirebaseDatabase in Frameworks */,
				695941602B590C9500E34446 /* FirebaseAuthCombine-Community in Frameworks */,
				69B854AE2B4587F2006BF74D /* FirebaseAuth in Frameworks */,
			);
			runOnlyForDeploymentPostprocessing = 0;
		};
		697078102B3F5C900014C56C /* Frameworks */ = {
			isa = PBXFrameworksBuildPhase;
			buildActionMask = 2147483647;
			files = (
			);
			runOnlyForDeploymentPostprocessing = 0;
		};
		6970781A2B3F5C900014C56C /* Frameworks */ = {
			isa = PBXFrameworksBuildPhase;
			buildActionMask = 2147483647;
			files = (
			);
			runOnlyForDeploymentPostprocessing = 0;
		};
/* End PBXFrameworksBuildPhase section */

/* Begin PBXGroup section */
		69384F532B94939B005583E6 /* Network */ = {
			isa = PBXGroup;
			children = (
				69384F572B9493F4005583E6 /* API.swift */,
				69384F592B949402005583E6 /* OpenAI.swift */,
			);
			path = Network;
			sourceTree = "<group>";
		};
		696718222B551BAC00C57930 /* Frameworks */ = {
			isa = PBXGroup;
			children = (
				696718232B551BAC00C57930 /* AuthenticationServices.framework */,
			);
			name = Frameworks;
			sourceTree = "<group>";
		};
		696718252B551BAC00C57930 /* sign */ = {
			isa = PBXGroup;
			children = (
				696718262B551BAC00C57930 /* AccountAuthenticationModificationViewController.swift */,
				696718282B551BAC00C57930 /* MainInterface.storyboard */,
				6967182B2B551BAC00C57930 /* Info.plist */,
			);
			path = sign;
			sourceTree = "<group>";
		};
		697077F42B3F5C8F0014C56C = {
			isa = PBXGroup;
			children = (
				697077FF2B3F5C8F0014C56C /* ExplainMe */,
				697078162B3F5C900014C56C /* ExplainMeTests */,
				697078202B3F5C900014C56C /* ExplainMeUITests */,
				696718252B551BAC00C57930 /* sign */,
				696718222B551BAC00C57930 /* Frameworks */,
				697077FE2B3F5C8F0014C56C /* Products */,
			);
			sourceTree = "<group>";
		};
		697077FE2B3F5C8F0014C56C /* Products */ = {
			isa = PBXGroup;
			children = (
				697077FD2B3F5C8F0014C56C /* ExplainMe.app */,
				697078132B3F5C900014C56C /* ExplainMeTests.xctest */,
				6970781D2B3F5C900014C56C /* ExplainMeUITests.xctest */,
			);
			name = Products;
			sourceTree = "<group>";
		};
		697077FF2B3F5C8F0014C56C /* ExplainMe */ = {
			isa = PBXGroup;
			children = (
				696718392B57AAF100C57930 /* ExplainMe.entitlements */,
				697078092B3F5C900014C56C /* Assets.xcassets */,
				6970780E2B3F5C900014C56C /* Info.plist */,
				69875F7A2B53C4C800C78255 /* GoogleService-Info.plist */,
				69384F532B94939B005583E6 /* Network */,
				69B854BB2B53AEF5006BF74D /* Models */,
				69B8549B2B442073006BF74D /* Extentions */,
				69B854922B441BD5006BF74D /* Controllers */,
				69B854912B441BBE006BF74D /* Views */,
			);
			path = ExplainMe;
			sourceTree = "<group>";
		};
		697078162B3F5C900014C56C /* ExplainMeTests */ = {
			isa = PBXGroup;
			children = (
				697078172B3F5C900014C56C /* ExplainMeTests.swift */,
			);
			path = ExplainMeTests;
			sourceTree = "<group>";
		};
		697078202B3F5C900014C56C /* ExplainMeUITests */ = {
			isa = PBXGroup;
			children = (
				697078212B3F5C900014C56C /* ExplainMeUITests.swift */,
				697078232B3F5C900014C56C /* ExplainMeUITestsLaunchTests.swift */,
			);
			path = ExplainMeUITests;
			sourceTree = "<group>";
		};
		69B854912B441BBE006BF74D /* Views */ = {
			isa = PBXGroup;
			children = (
				697078022B3F5C8F0014C56C /* SceneDelegate.swift */,
				697078002B3F5C8F0014C56C /* AppDelegate.swift */,
				697078062B3F5C8F0014C56C /* Main.storyboard */,
				6970780B2B3F5C900014C56C /* LaunchScreen.storyboard */,
				69384F5D2B94DF3C005583E6 /* AssistantTableViewCell.swift */,
				694807BE2B591209000AEEC5 /* QuizTableViewCell.swift */,
				694807C02B59C692000AEEC5 /* ChatTableViewCell.swift */,
				69BB360C2BAF819A00E011FD /* videoSpacificationCollectionViewCell.swift */,
				69C6B8B62BB4EE6200348B27 /* HelpCollectionViewCell.swift */,
				69BB36122BAF9EE300E011FD /* QuizSaveTableViewCell.swift */,
				6956570D2B5E39790040D532 /* ProjectCollectionViewCell.swift */,
			);
			path = Views;
			sourceTree = "<group>";
		};
		69B854922B441BD5006BF74D /* Controllers */ = {
			isa = PBXGroup;
			children = (
				697078042B3F5C8F0014C56C /* ViewController.swift */,
				69B854952B441CDD006BF74D /* LoginViewController.swift */,
				69B854972B441CFA006BF74D /* SignUpViewController.swift */,
				69B854992B441D26006BF74D /* ResetPasswordViewController.swift */,
				69B8549E2B45822F006BF74D /* HomeViewController.swift */,
				69B854A02B458267006BF74D /* ProfileViewController.swift */,
				695657152B6231350040D532 /* HelpViewController.swift */,
				69B854A22B458293006BF74D /* ProjectsViewController.swift */,
				696718332B56483D00C57930 /* VideoViewController.swift */,
				69BB360A2BAF3FF900E011FD /* videoSpacificationViewController.swift */,
				69B854A62B4582C0006BF74D /* QuizViewController.swift */,
				69BB360E2BAF994D00E011FD /* QuizSaveViewController.swift */,
				69B854A82B4582D8006BF74D /* SummaryViewController.swift */,
				69BB36102BAF996400E011FD /* SummarySaveViewController.swift */,
			);
			path = Controllers;
			sourceTree = "<group>";
		};
		69B8549B2B442073006BF74D /* Extentions */ = {
			isa = PBXGroup;
			children = (
				69B8549C2B4420CB006BF74D /* Extention View.swift */,
				696718352B5694E300C57930 /* Extention TextField.swift */,
				696718372B569F2F00C57930 /* Extention View Controller.swift */,
			);
			path = Extentions;
			sourceTree = "<group>";
		};
		69B854BB2B53AEF5006BF74D /* Models */ = {
			isa = PBXGroup;
			children = (
				69B854BC2B53AF17006BF74D /* User.swift */,
				6956570F2B5E795B0040D532 /* App manager.swift */,
				695657112B5E7A970040D532 /* Firebase manager.swift */,
				69384F512B949383005583E6 /* OpenAi.swift */,
				69384F632B9656DC005583E6 /* Download.swift */,
				69384F5F2B95AB36005583E6 /* Chat.swift */,
				694747B72BA4E73100C58037 /* Video.swift */,
			);
			path = Models;
			sourceTree = "<group>";
		};
/* End PBXGroup section */

/* Begin PBXNativeTarget section */
		697077FC2B3F5C8F0014C56C /* ExplainMe */ = {
			isa = PBXNativeTarget;
			buildConfigurationList = 697078272B3F5C900014C56C /* Build configuration list for PBXNativeTarget "ExplainMe" */;
			buildPhases = (
				697077F92B3F5C8F0014C56C /* Sources */,
				697077FA2B3F5C8F0014C56C /* Frameworks */,
				697077FB2B3F5C8F0014C56C /* Resources */,
				6967182F2B551BAC00C57930 /* Embed Foundation Extensions */,
			);
			buildRules = (
			);
			dependencies = (
			);
			name = ExplainMe;
			packageProductDependencies = (
				69B854AD2B4587F2006BF74D /* FirebaseAuth */,
				69B854AF2B4587F2006BF74D /* FirebaseDatabase */,
				69B854B12B4587F2006BF74D /* FirebaseDatabaseSwift */,
				69B854B32B4587F2006BF74D /* FirebaseFirestore */,
				69B854B52B4587F2006BF74D /* FirebaseFirestoreSwift */,
				69B854B72B4587F2006BF74D /* FirebaseRemoteConfig */,
				69B854B92B4587F2006BF74D /* FirebaseStorage */,
				69875F762B53C16900C78255 /* GoogleSignIn */,
				69875F782B53C16900C78255 /* GoogleSignInSwift */,
				6967183B2B57BA0600C57930 /* NVActivityIndicatorView */,
				6967183D2B57BA0600C57930 /* NVActivityIndicatorViewExtended */,
				6959415F2B590C9400E34446 /* FirebaseAuthCombine-Community */,
				695941612B590C9500E34446 /* FirebaseFirestoreCombine-Community */,
				694807C32B5D14BD000AEEC5 /* IQKeyboardManagerSwift */,
				695657182B6238270040D532 /* YoutubePlayerView */,
				6956571B2B70BC8B0040D532 /* BonsaiController */,
				695657202B722A2E0040D532 /* SwiftOpenAI */,
				69384F552B9493DE005583E6 /* Alamofire */,
				694747B02BA0930100C58037 /* SwiftDataTables */,
				694747BA2BA9C81600C58037 /* SwiftEntryKit */,
			);
			productName = ExplainMe;
			productReference = 697077FD2B3F5C8F0014C56C /* ExplainMe.app */;
			productType = "com.apple.product-type.application";
		};
		697078122B3F5C900014C56C /* ExplainMeTests */ = {
			isa = PBXNativeTarget;
			buildConfigurationList = 6970782A2B3F5C900014C56C /* Build configuration list for PBXNativeTarget "ExplainMeTests" */;
			buildPhases = (
				6970780F2B3F5C900014C56C /* Sources */,
				697078102B3F5C900014C56C /* Frameworks */,
				697078112B3F5C900014C56C /* Resources */,
			);
			buildRules = (
			);
			dependencies = (
				697078152B3F5C900014C56C /* PBXTargetDependency */,
			);
			name = ExplainMeTests;
			productName = ExplainMeTests;
			productReference = 697078132B3F5C900014C56C /* ExplainMeTests.xctest */;
			productType = "com.apple.product-type.bundle.unit-test";
		};
		6970781C2B3F5C900014C56C /* ExplainMeUITests */ = {
			isa = PBXNativeTarget;
			buildConfigurationList = 6970782D2B3F5C900014C56C /* Build configuration list for PBXNativeTarget "ExplainMeUITests" */;
			buildPhases = (
				697078192B3F5C900014C56C /* Sources */,
				6970781A2B3F5C900014C56C /* Frameworks */,
				6970781B2B3F5C900014C56C /* Resources */,
			);
			buildRules = (
			);
			dependencies = (
				6970781F2B3F5C900014C56C /* PBXTargetDependency */,
			);
			name = ExplainMeUITests;
			productName = ExplainMeUITests;
			productReference = 6970781D2B3F5C900014C56C /* ExplainMeUITests.xctest */;
			productType = "com.apple.product-type.bundle.ui-testing";
		};
/* End PBXNativeTarget section */

/* Begin PBXProject section */
		697077F52B3F5C8F0014C56C /* Project object */ = {
			isa = PBXProject;
			attributes = {
				BuildIndependentTargetsInParallel = 1;
				LastSwiftUpdateCheck = 1510;
				LastUpgradeCheck = 1500;
				TargetAttributes = {
					697077FC2B3F5C8F0014C56C = {
						CreatedOnToolsVersion = 15.0.1;
					};
					697078122B3F5C900014C56C = {
						CreatedOnToolsVersion = 15.0.1;
						TestTargetID = 697077FC2B3F5C8F0014C56C;
					};
					6970781C2B3F5C900014C56C = {
						CreatedOnToolsVersion = 15.0.1;
						TestTargetID = 697077FC2B3F5C8F0014C56C;
					};
				};
			};
			buildConfigurationList = 697077F82B3F5C8F0014C56C /* Build configuration list for PBXProject "ExplainMe" */;
			compatibilityVersion = "Xcode 14.0";
			developmentRegion = en;
			hasScannedForEncodings = 0;
			knownRegions = (
				en,
				Base,
			);
			mainGroup = 697077F42B3F5C8F0014C56C;
			packageReferences = (
				69B854AC2B458709006BF74D /* XCRemoteSwiftPackageReference "firebase-ios-sdk" */,
				69875F752B53C16900C78255 /* XCRemoteSwiftPackageReference "GoogleSignIn-iOS" */,
				6967183A2B57BA0600C57930 /* XCRemoteSwiftPackageReference "NVActivityIndicatorView" */,
				6922539C2B57D5BA00323E8A /* XCRemoteSwiftPackageReference "facebook-ios-sdk" */,
				694807C22B5D14BD000AEEC5 /* XCRemoteSwiftPackageReference "IQKeyboardManager" */,
				695657172B6238270040D532 /* XCRemoteSwiftPackageReference "YoutubePlayerView" */,
				6956571A2B70BC8B0040D532 /* XCRemoteSwiftPackageReference "Bonsai" */,
				6956571F2B722A2E0040D532 /* XCRemoteSwiftPackageReference "SwiftOpenAI" */,
				69384F542B9493DE005583E6 /* XCRemoteSwiftPackageReference "Alamofire" */,
				694747AF2BA0930100C58037 /* XCRemoteSwiftPackageReference "SwiftDataTables" */,
				694747B92BA9C81600C58037 /* XCRemoteSwiftPackageReference "SwiftEntryKit" */,
			);
			productRefGroup = 697077FE2B3F5C8F0014C56C /* Products */;
			projectDirPath = "";
			projectRoot = "";
			targets = (
				697077FC2B3F5C8F0014C56C /* ExplainMe */,
				697078122B3F5C900014C56C /* ExplainMeTests */,
				6970781C2B3F5C900014C56C /* ExplainMeUITests */,
			);
		};
/* End PBXProject section */

/* Begin PBXResourcesBuildPhase section */
		697077FB2B3F5C8F0014C56C /* Resources */ = {
			isa = PBXResourcesBuildPhase;
			buildActionMask = 2147483647;
			files = (
				6970780D2B3F5C900014C56C /* LaunchScreen.storyboard in Resources */,
				6970780A2B3F5C900014C56C /* Assets.xcassets in Resources */,
				69875F7B2B53C4C800C78255 /* GoogleService-Info.plist in Resources */,
				697078082B3F5C8F0014C56C /* Main.storyboard in Resources */,
			);
			runOnlyForDeploymentPostprocessing = 0;
		};
		697078112B3F5C900014C56C /* Resources */ = {
			isa = PBXResourcesBuildPhase;
			buildActionMask = 2147483647;
			files = (
			);
			runOnlyForDeploymentPostprocessing = 0;
		};
		6970781B2B3F5C900014C56C /* Resources */ = {
			isa = PBXResourcesBuildPhase;
			buildActionMask = 2147483647;
			files = (
			);
			runOnlyForDeploymentPostprocessing = 0;
		};
/* End PBXResourcesBuildPhase section */

/* Begin PBXSourcesBuildPhase section */
		697077F92B3F5C8F0014C56C /* Sources */ = {
			isa = PBXSourcesBuildPhase;
			buildActionMask = 2147483647;
			files = (
				69384F522B949383005583E6 /* OpenAi.swift in Sources */,
				6956570E2B5E39790040D532 /* ProjectCollectionViewCell.swift in Sources */,
				69B854962B441CDD006BF74D /* LoginViewController.swift in Sources */,
				69B854A92B4582D8006BF74D /* SummaryViewController.swift in Sources */,
				69C6B8B72BB4EE6200348B27 /* HelpCollectionViewCell.swift in Sources */,
				69BB360B2BAF3FF900E011FD /* videoSpacificationViewController.swift in Sources */,
				697078052B3F5C8F0014C56C /* ViewController.swift in Sources */,
				697078012B3F5C8F0014C56C /* AppDelegate.swift in Sources */,
				69BB360D2BAF819A00E011FD /* videoSpacificationCollectionViewCell.swift in Sources */,
				695657122B5E7A970040D532 /* Firebase manager.swift in Sources */,
				696718342B56483D00C57930 /* VideoViewController.swift in Sources */,
				69384F582B9493F4005583E6 /* API.swift in Sources */,
				69384F642B9656DC005583E6 /* Download.swift in Sources */,
				694807C12B59C692000AEEC5 /* ChatTableViewCell.swift in Sources */,
				695657102B5E795B0040D532 /* App manager.swift in Sources */,
				69BB360F2BAF994D00E011FD /* QuizSaveViewController.swift in Sources */,
				69B854A72B4582C0006BF74D /* QuizViewController.swift in Sources */,
				69384F5A2B949402005583E6 /* OpenAI.swift in Sources */,
				69B8549F2B45822F006BF74D /* HomeViewController.swift in Sources */,
				69384F602B95AB36005583E6 /* Chat.swift in Sources */,
				69BB36132BAF9EE300E011FD /* QuizSaveTableViewCell.swift in Sources */,
				69B854BD2B53AF17006BF74D /* User.swift in Sources */,
				694807BF2B591209000AEEC5 /* QuizTableViewCell.swift in Sources */,
				69B8549A2B441D26006BF74D /* ResetPasswordViewController.swift in Sources */,
				697078032B3F5C8F0014C56C /* SceneDelegate.swift in Sources */,
				696718362B5694E300C57930 /* Extention TextField.swift in Sources */,
				69384F5E2B94DF3C005583E6 /* AssistantTableViewCell.swift in Sources */,
				69B854A32B458293006BF74D /* ProjectsViewController.swift in Sources */,
				69B854A12B458267006BF74D /* ProfileViewController.swift in Sources */,
				69B854982B441CFA006BF74D /* SignUpViewController.swift in Sources */,
				694747B82BA4E73100C58037 /* Video.swift in Sources */,
				69BB36112BAF996400E011FD /* SummarySaveViewController.swift in Sources */,
				69B8549D2B4420CB006BF74D /* Extention View.swift in Sources */,
				695657162B6231350040D532 /* HelpViewController.swift in Sources */,
				696718382B569F2F00C57930 /* Extention View Controller.swift in Sources */,
			);
			runOnlyForDeploymentPostprocessing = 0;
		};
		6970780F2B3F5C900014C56C /* Sources */ = {
			isa = PBXSourcesBuildPhase;
			buildActionMask = 2147483647;
			files = (
				697078182B3F5C900014C56C /* ExplainMeTests.swift in Sources */,
			);
			runOnlyForDeploymentPostprocessing = 0;
		};
		697078192B3F5C900014C56C /* Sources */ = {
			isa = PBXSourcesBuildPhase;
			buildActionMask = 2147483647;
			files = (
				697078242B3F5C900014C56C /* ExplainMeUITestsLaunchTests.swift in Sources */,
				697078222B3F5C900014C56C /* ExplainMeUITests.swift in Sources */,
			);
			runOnlyForDeploymentPostprocessing = 0;
		};
/* End PBXSourcesBuildPhase section */

/* Begin PBXTargetDependency section */
		697078152B3F5C900014C56C /* PBXTargetDependency */ = {
			isa = PBXTargetDependency;
			target = 697077FC2B3F5C8F0014C56C /* ExplainMe */;
			targetProxy = 697078142B3F5C900014C56C /* PBXContainerItemProxy */;
		};
		6970781F2B3F5C900014C56C /* PBXTargetDependency */ = {
			isa = PBXTargetDependency;
			target = 697077FC2B3F5C8F0014C56C /* ExplainMe */;
			targetProxy = 6970781E2B3F5C900014C56C /* PBXContainerItemProxy */;
		};
/* End PBXTargetDependency section */

/* Begin PBXVariantGroup section */
		696718282B551BAC00C57930 /* MainInterface.storyboard */ = {
			isa = PBXVariantGroup;
			children = (
				696718292B551BAC00C57930 /* Base */,
			);
			name = MainInterface.storyboard;
			sourceTree = "<group>";
		};
		697078062B3F5C8F0014C56C /* Main.storyboard */ = {
			isa = PBXVariantGroup;
			children = (
				697078072B3F5C8F0014C56C /* Base */,
			);
			name = Main.storyboard;
			sourceTree = "<group>";
		};
		6970780B2B3F5C900014C56C /* LaunchScreen.storyboard */ = {
			isa = PBXVariantGroup;
			children = (
				6970780C2B3F5C900014C56C /* Base */,
			);
			name = LaunchScreen.storyboard;
			sourceTree = "<group>";
		};
/* End PBXVariantGroup section */

/* Begin XCBuildConfiguration section */
		697078252B3F5C900014C56C /* Debug */ = {
			isa = XCBuildConfiguration;
			buildSettings = {
				ALWAYS_SEARCH_USER_PATHS = NO;
				ASSETCATALOG_COMPILER_GENERATE_SWIFT_ASSET_SYMBOL_EXTENSIONS = YES;
				CLANG_ANALYZER_NONNULL = YES;
				CLANG_ANALYZER_NUMBER_OBJECT_CONVERSION = YES_AGGRESSIVE;
				CLANG_CXX_LANGUAGE_STANDARD = "gnu++20";
				CLANG_ENABLE_MODULES = YES;
				CLANG_ENABLE_OBJC_ARC = YES;
				CLANG_ENABLE_OBJC_WEAK = YES;
				CLANG_WARN_BLOCK_CAPTURE_AUTORELEASING = YES;
				CLANG_WARN_BOOL_CONVERSION = YES;
				CLANG_WARN_COMMA = YES;
				CLANG_WARN_CONSTANT_CONVERSION = YES;
				CLANG_WARN_DEPRECATED_OBJC_IMPLEMENTATIONS = YES;
				CLANG_WARN_DIRECT_OBJC_ISA_USAGE = YES_ERROR;
				CLANG_WARN_DOCUMENTATION_COMMENTS = YES;
				CLANG_WARN_EMPTY_BODY = YES;
				CLANG_WARN_ENUM_CONVERSION = YES;
				CLANG_WARN_INFINITE_RECURSION = YES;
				CLANG_WARN_INT_CONVERSION = YES;
				CLANG_WARN_NON_LITERAL_NULL_CONVERSION = YES;
				CLANG_WARN_OBJC_IMPLICIT_RETAIN_SELF = YES;
				CLANG_WARN_OBJC_LITERAL_CONVERSION = YES;
				CLANG_WARN_OBJC_ROOT_CLASS = YES_ERROR;
				CLANG_WARN_QUOTED_INCLUDE_IN_FRAMEWORK_HEADER = YES;
				CLANG_WARN_RANGE_LOOP_ANALYSIS = YES;
				CLANG_WARN_STRICT_PROTOTYPES = YES;
				CLANG_WARN_SUSPICIOUS_MOVE = YES;
				CLANG_WARN_UNGUARDED_AVAILABILITY = YES_AGGRESSIVE;
				CLANG_WARN_UNREACHABLE_CODE = YES;
				CLANG_WARN__DUPLICATE_METHOD_MATCH = YES;
				COPY_PHASE_STRIP = NO;
				DEBUG_INFORMATION_FORMAT = dwarf;
				ENABLE_STRICT_OBJC_MSGSEND = YES;
				ENABLE_TESTABILITY = YES;
				ENABLE_USER_SCRIPT_SANDBOXING = YES;
				GCC_C_LANGUAGE_STANDARD = gnu17;
				GCC_DYNAMIC_NO_PIC = NO;
				GCC_NO_COMMON_BLOCKS = YES;
				GCC_OPTIMIZATION_LEVEL = 0;
				GCC_PREPROCESSOR_DEFINITIONS = (
					"DEBUG=1",
					"$(inherited)",
				);
				GCC_WARN_64_TO_32_BIT_CONVERSION = YES;
				GCC_WARN_ABOUT_RETURN_TYPE = YES_ERROR;
				GCC_WARN_UNDECLARED_SELECTOR = YES;
				GCC_WARN_UNINITIALIZED_AUTOS = YES_AGGRESSIVE;
				GCC_WARN_UNUSED_FUNCTION = YES;
				GCC_WARN_UNUSED_VARIABLE = YES;
				IPHONEOS_DEPLOYMENT_TARGET = 17.0;
				LOCALIZATION_PREFERS_STRING_CATALOGS = YES;
				MTL_ENABLE_DEBUG_INFO = INCLUDE_SOURCE;
				MTL_FAST_MATH = YES;
				ONLY_ACTIVE_ARCH = YES;
				SDKROOT = iphoneos;
				SWIFT_ACTIVE_COMPILATION_CONDITIONS = "DEBUG $(inherited)";
				SWIFT_OPTIMIZATION_LEVEL = "-Onone";
			};
			name = Debug;
		};
		697078262B3F5C900014C56C /* Release */ = {
			isa = XCBuildConfiguration;
			buildSettings = {
				ALWAYS_SEARCH_USER_PATHS = NO;
				ASSETCATALOG_COMPILER_GENERATE_SWIFT_ASSET_SYMBOL_EXTENSIONS = YES;
				CLANG_ANALYZER_NONNULL = YES;
				CLANG_ANALYZER_NUMBER_OBJECT_CONVERSION = YES_AGGRESSIVE;
				CLANG_CXX_LANGUAGE_STANDARD = "gnu++20";
				CLANG_ENABLE_MODULES = YES;
				CLANG_ENABLE_OBJC_ARC = YES;
				CLANG_ENABLE_OBJC_WEAK = YES;
				CLANG_WARN_BLOCK_CAPTURE_AUTORELEASING = YES;
				CLANG_WARN_BOOL_CONVERSION = YES;
				CLANG_WARN_COMMA = YES;
				CLANG_WARN_CONSTANT_CONVERSION = YES;
				CLANG_WARN_DEPRECATED_OBJC_IMPLEMENTATIONS = YES;
				CLANG_WARN_DIRECT_OBJC_ISA_USAGE = YES_ERROR;
				CLANG_WARN_DOCUMENTATION_COMMENTS = YES;
				CLANG_WARN_EMPTY_BODY = YES;
				CLANG_WARN_ENUM_CONVERSION = YES;
				CLANG_WARN_INFINITE_RECURSION = YES;
				CLANG_WARN_INT_CONVERSION = YES;
				CLANG_WARN_NON_LITERAL_NULL_CONVERSION = YES;
				CLANG_WARN_OBJC_IMPLICIT_RETAIN_SELF = YES;
				CLANG_WARN_OBJC_LITERAL_CONVERSION = YES;
				CLANG_WARN_OBJC_ROOT_CLASS = YES_ERROR;
				CLANG_WARN_QUOTED_INCLUDE_IN_FRAMEWORK_HEADER = YES;
				CLANG_WARN_RANGE_LOOP_ANALYSIS = YES;
				CLANG_WARN_STRICT_PROTOTYPES = YES;
				CLANG_WARN_SUSPICIOUS_MOVE = YES;
				CLANG_WARN_UNGUARDED_AVAILABILITY = YES_AGGRESSIVE;
				CLANG_WARN_UNREACHABLE_CODE = YES;
				CLANG_WARN__DUPLICATE_METHOD_MATCH = YES;
				COPY_PHASE_STRIP = NO;
				DEBUG_INFORMATION_FORMAT = "dwarf-with-dsym";
				ENABLE_NS_ASSERTIONS = NO;
				ENABLE_STRICT_OBJC_MSGSEND = YES;
				ENABLE_USER_SCRIPT_SANDBOXING = YES;
				GCC_C_LANGUAGE_STANDARD = gnu17;
				GCC_NO_COMMON_BLOCKS = YES;
				GCC_WARN_64_TO_32_BIT_CONVERSION = YES;
				GCC_WARN_ABOUT_RETURN_TYPE = YES_ERROR;
				GCC_WARN_UNDECLARED_SELECTOR = YES;
				GCC_WARN_UNINITIALIZED_AUTOS = YES_AGGRESSIVE;
				GCC_WARN_UNUSED_FUNCTION = YES;
				GCC_WARN_UNUSED_VARIABLE = YES;
				IPHONEOS_DEPLOYMENT_TARGET = 17.0;
				LOCALIZATION_PREFERS_STRING_CATALOGS = YES;
				MTL_ENABLE_DEBUG_INFO = NO;
				MTL_FAST_MATH = YES;
				SDKROOT = iphoneos;
				SWIFT_COMPILATION_MODE = wholemodule;
				VALIDATE_PRODUCT = YES;
			};
			name = Release;
		};
		697078282B3F5C900014C56C /* Debug */ = {
			isa = XCBuildConfiguration;
			buildSettings = {
				ALWAYS_EMBED_SWIFT_STANDARD_LIBRARIES = YES;
				ASSETCATALOG_COMPILER_APPICON_NAME = AppIcon;
				ASSETCATALOG_COMPILER_GLOBAL_ACCENT_COLOR_NAME = AccentColor;
				CODE_SIGN_ENTITLEMENTS = ExplainMe/ExplainMe.entitlements;
				CODE_SIGN_IDENTITY = "Apple Development";
				CODE_SIGN_STYLE = Automatic;
				CURRENT_PROJECT_VERSION = 1;
				DEVELOPMENT_TEAM = S4BKVCHC28;
				GENERATE_INFOPLIST_FILE = YES;
				INFOPLIST_FILE = ExplainMe/Info.plist;
				INFOPLIST_KEY_LSApplicationCategoryType = "public.app-category.education";
				INFOPLIST_KEY_UIApplicationSupportsIndirectInputEvents = YES;
				INFOPLIST_KEY_UILaunchStoryboardName = LaunchScreen;
				INFOPLIST_KEY_UIMainStoryboardFile = Main;
				INFOPLIST_KEY_UISupportedInterfaceOrientations_iPad = "UIInterfaceOrientationPortrait UIInterfaceOrientationPortraitUpsideDown UIInterfaceOrientationLandscapeLeft UIInterfaceOrientationLandscapeRight";
				INFOPLIST_KEY_UISupportedInterfaceOrientations_iPhone = "UIInterfaceOrientationPortrait UIInterfaceOrientationLandscapeLeft UIInterfaceOrientationLandscapeRight";
				IPHONEOS_DEPLOYMENT_TARGET = 15.0;
				LD_RUNPATH_SEARCH_PATHS = (
					"$(inherited)",
					"@executable_path/Frameworks",
				);
				MARKETING_VERSION = 1.0;
				PRODUCT_BUNDLE_IDENTIFIER = "Bdriah-Talaat.ExplainMe";
				PRODUCT_NAME = "$(TARGET_NAME)";
				PROVISIONING_PROFILE_SPECIFIER = "";
				SWIFT_EMIT_LOC_STRINGS = YES;
				SWIFT_VERSION = 5.0;
				TARGETED_DEVICE_FAMILY = "1,2";
			};
			name = Debug;
		};
		697078292B3F5C900014C56C /* Release */ = {
			isa = XCBuildConfiguration;
			buildSettings = {
				ALWAYS_EMBED_SWIFT_STANDARD_LIBRARIES = YES;
				ASSETCATALOG_COMPILER_APPICON_NAME = AppIcon;
				ASSETCATALOG_COMPILER_GLOBAL_ACCENT_COLOR_NAME = AccentColor;
				CODE_SIGN_ENTITLEMENTS = ExplainMe/ExplainMe.entitlements;
				CODE_SIGN_IDENTITY = "Apple Development";
				CODE_SIGN_STYLE = Automatic;
				CURRENT_PROJECT_VERSION = 1;
				DEVELOPMENT_TEAM = S4BKVCHC28;
				GENERATE_INFOPLIST_FILE = YES;
				INFOPLIST_FILE = ExplainMe/Info.plist;
				INFOPLIST_KEY_LSApplicationCategoryType = "public.app-category.education";
				INFOPLIST_KEY_UIApplicationSupportsIndirectInputEvents = YES;
				INFOPLIST_KEY_UILaunchStoryboardName = LaunchScreen;
				INFOPLIST_KEY_UIMainStoryboardFile = Main;
				INFOPLIST_KEY_UISupportedInterfaceOrientations_iPad = "UIInterfaceOrientationPortrait UIInterfaceOrientationPortraitUpsideDown UIInterfaceOrientationLandscapeLeft UIInterfaceOrientationLandscapeRight";
				INFOPLIST_KEY_UISupportedInterfaceOrientations_iPhone = "UIInterfaceOrientationPortrait UIInterfaceOrientationLandscapeLeft UIInterfaceOrientationLandscapeRight";
				IPHONEOS_DEPLOYMENT_TARGET = 15.0;
				LD_RUNPATH_SEARCH_PATHS = (
					"$(inherited)",
					"@executable_path/Frameworks",
				);
				MARKETING_VERSION = 1.0;
				PRODUCT_BUNDLE_IDENTIFIER = "Bdriah-Talaat.ExplainMe";
				PRODUCT_NAME = "$(TARGET_NAME)";
				PROVISIONING_PROFILE_SPECIFIER = "";
				SWIFT_EMIT_LOC_STRINGS = YES;
				SWIFT_VERSION = 5.0;
				TARGETED_DEVICE_FAMILY = "1,2";
			};
			name = Release;
		};
		6970782B2B3F5C900014C56C /* Debug */ = {
			isa = XCBuildConfiguration;
			buildSettings = {
				ALWAYS_EMBED_SWIFT_STANDARD_LIBRARIES = YES;
				BUNDLE_LOADER = "$(TEST_HOST)";
				CODE_SIGN_STYLE = Automatic;
				CURRENT_PROJECT_VERSION = 1;
				DEVELOPMENT_TEAM = S4BKVCHC28;
				GENERATE_INFOPLIST_FILE = YES;
				IPHONEOS_DEPLOYMENT_TARGET = 17.0;
				MARKETING_VERSION = 1.0;
				PRODUCT_BUNDLE_IDENTIFIER = "Bdriah-Talaat.ExplainMeTests";
				PRODUCT_NAME = "$(TARGET_NAME)";
				SWIFT_EMIT_LOC_STRINGS = NO;
				SWIFT_VERSION = 5.0;
				TARGETED_DEVICE_FAMILY = "1,2";
				TEST_HOST = "$(BUILT_PRODUCTS_DIR)/ExplainMe.app/$(BUNDLE_EXECUTABLE_FOLDER_PATH)/ExplainMe";
			};
			name = Debug;
		};
		6970782C2B3F5C900014C56C /* Release */ = {
			isa = XCBuildConfiguration;
			buildSettings = {
				ALWAYS_EMBED_SWIFT_STANDARD_LIBRARIES = YES;
				BUNDLE_LOADER = "$(TEST_HOST)";
				CODE_SIGN_STYLE = Automatic;
				CURRENT_PROJECT_VERSION = 1;
				DEVELOPMENT_TEAM = S4BKVCHC28;
				GENERATE_INFOPLIST_FILE = YES;
				IPHONEOS_DEPLOYMENT_TARGET = 17.0;
				MARKETING_VERSION = 1.0;
				PRODUCT_BUNDLE_IDENTIFIER = "Bdriah-Talaat.ExplainMeTests";
				PRODUCT_NAME = "$(TARGET_NAME)";
				SWIFT_EMIT_LOC_STRINGS = NO;
				SWIFT_VERSION = 5.0;
				TARGETED_DEVICE_FAMILY = "1,2";
				TEST_HOST = "$(BUILT_PRODUCTS_DIR)/ExplainMe.app/$(BUNDLE_EXECUTABLE_FOLDER_PATH)/ExplainMe";
			};
			name = Release;
		};
		6970782E2B3F5C900014C56C /* Debug */ = {
			isa = XCBuildConfiguration;
			buildSettings = {
				ALWAYS_EMBED_SWIFT_STANDARD_LIBRARIES = YES;
				CODE_SIGN_STYLE = Automatic;
				CURRENT_PROJECT_VERSION = 1;
				DEVELOPMENT_TEAM = S4BKVCHC28;
				GENERATE_INFOPLIST_FILE = YES;
				MARKETING_VERSION = 1.0;
				PRODUCT_BUNDLE_IDENTIFIER = "Bdriah-Talaat.ExplainMeUITests";
				PRODUCT_NAME = "$(TARGET_NAME)";
				SWIFT_EMIT_LOC_STRINGS = NO;
				SWIFT_VERSION = 5.0;
				TARGETED_DEVICE_FAMILY = "1,2";
				TEST_TARGET_NAME = ExplainMe;
			};
			name = Debug;
		};
		6970782F2B3F5C900014C56C /* Release */ = {
			isa = XCBuildConfiguration;
			buildSettings = {
				ALWAYS_EMBED_SWIFT_STANDARD_LIBRARIES = YES;
				CODE_SIGN_STYLE = Automatic;
				CURRENT_PROJECT_VERSION = 1;
				DEVELOPMENT_TEAM = S4BKVCHC28;
				GENERATE_INFOPLIST_FILE = YES;
				MARKETING_VERSION = 1.0;
				PRODUCT_BUNDLE_IDENTIFIER = "Bdriah-Talaat.ExplainMeUITests";
				PRODUCT_NAME = "$(TARGET_NAME)";
				SWIFT_EMIT_LOC_STRINGS = NO;
				SWIFT_VERSION = 5.0;
				TARGETED_DEVICE_FAMILY = "1,2";
				TEST_TARGET_NAME = ExplainMe;
			};
			name = Release;
		};
/* End XCBuildConfiguration section */

/* Begin XCConfigurationList section */
		697077F82B3F5C8F0014C56C /* Build configuration list for PBXProject "ExplainMe" */ = {
			isa = XCConfigurationList;
			buildConfigurations = (
				697078252B3F5C900014C56C /* Debug */,
				697078262B3F5C900014C56C /* Release */,
			);
			defaultConfigurationIsVisible = 0;
			defaultConfigurationName = Release;
		};
		697078272B3F5C900014C56C /* Build configuration list for PBXNativeTarget "ExplainMe" */ = {
			isa = XCConfigurationList;
			buildConfigurations = (
				697078282B3F5C900014C56C /* Debug */,
				697078292B3F5C900014C56C /* Release */,
			);
			defaultConfigurationIsVisible = 0;
			defaultConfigurationName = Release;
		};
		6970782A2B3F5C900014C56C /* Build configuration list for PBXNativeTarget "ExplainMeTests" */ = {
			isa = XCConfigurationList;
			buildConfigurations = (
				6970782B2B3F5C900014C56C /* Debug */,
				6970782C2B3F5C900014C56C /* Release */,
			);
			defaultConfigurationIsVisible = 0;
			defaultConfigurationName = Release;
		};
		6970782D2B3F5C900014C56C /* Build configuration list for PBXNativeTarget "ExplainMeUITests" */ = {
			isa = XCConfigurationList;
			buildConfigurations = (
				6970782E2B3F5C900014C56C /* Debug */,
				6970782F2B3F5C900014C56C /* Release */,
			);
			defaultConfigurationIsVisible = 0;
			defaultConfigurationName = Release;
		};
/* End XCConfigurationList section */

/* Begin XCRemoteSwiftPackageReference section */
		6922539C2B57D5BA00323E8A /* XCRemoteSwiftPackageReference "facebook-ios-sdk" */ = {
			isa = XCRemoteSwiftPackageReference;
			repositoryURL = "https://github.com/facebook/facebook-ios-sdk";
			requirement = {
				kind = upToNextMajorVersion;
				minimumVersion = 14.1.0;
			};
		};
		69384F542B9493DE005583E6 /* XCRemoteSwiftPackageReference "Alamofire" */ = {
			isa = XCRemoteSwiftPackageReference;
			repositoryURL = "https://github.com/Alamofire/Alamofire";
			requirement = {
				kind = upToNextMajorVersion;
				minimumVersion = 5.8.1;
			};
		};
		694747AF2BA0930100C58037 /* XCRemoteSwiftPackageReference "SwiftDataTables" */ = {
			isa = XCRemoteSwiftPackageReference;
			repositoryURL = "https://github.com/pavankataria/SwiftDataTables";
			requirement = {
				kind = upToNextMajorVersion;
				minimumVersion = 0.8.2;
			};
		};
		694747B92BA9C81600C58037 /* XCRemoteSwiftPackageReference "SwiftEntryKit" */ = {
			isa = XCRemoteSwiftPackageReference;
			repositoryURL = "https://github.com/huri000/SwiftEntryKit";
			requirement = {
				kind = upToNextMajorVersion;
				minimumVersion = 2.0.0;
			};
		};
		694807C22B5D14BD000AEEC5 /* XCRemoteSwiftPackageReference "IQKeyboardManager" */ = {
			isa = XCRemoteSwiftPackageReference;
			repositoryURL = "https://github.com/hackiftekhar/IQKeyboardManager";
			requirement = {
				kind = upToNextMajorVersion;
				minimumVersion = 7.0.0;
			};
		};
		695657172B6238270040D532 /* XCRemoteSwiftPackageReference "YoutubePlayerView" */ = {
			isa = XCRemoteSwiftPackageReference;
			repositoryURL = "https://github.com/mukeshydv/YoutubePlayerView";
			requirement = {
				kind = upToNextMajorVersion;
				minimumVersion = 1.2.1;
			};
		};
		6956571A2B70BC8B0040D532 /* XCRemoteSwiftPackageReference "Bonsai" */ = {
			isa = XCRemoteSwiftPackageReference;
			repositoryURL = "https://github.com/rishi420/Bonsai";
			requirement = {
				kind = upToNextMajorVersion;
				minimumVersion = 7.0.2;
			};
		};
		6956571F2B722A2E0040D532 /* XCRemoteSwiftPackageReference "SwiftOpenAI" */ = {
			isa = XCRemoteSwiftPackageReference;
			repositoryURL = "https://github.com/SwiftBeta/SwiftOpenAI";
			requirement = {
				kind = upToNextMajorVersion;
				minimumVersion = 1.3.0;
			};
		};
		6967183A2B57BA0600C57930 /* XCRemoteSwiftPackageReference "NVActivityIndicatorView" */ = {
			isa = XCRemoteSwiftPackageReference;
			repositoryURL = "https://github.com/ninjaprox/NVActivityIndicatorView";
			requirement = {
				kind = upToNextMajorVersion;
				minimumVersion = 5.1.1;
			};
		};
		69875F752B53C16900C78255 /* XCRemoteSwiftPackageReference "GoogleSignIn-iOS" */ = {
			isa = XCRemoteSwiftPackageReference;
			repositoryURL = "https://github.com/google/GoogleSignIn-iOS";
			requirement = {
				kind = upToNextMajorVersion;
				minimumVersion = 7.0.0;
			};
		};
		69B854AC2B458709006BF74D /* XCRemoteSwiftPackageReference "firebase-ios-sdk" */ = {
			isa = XCRemoteSwiftPackageReference;
			repositoryURL = "https://github.com/firebase/firebase-ios-sdk";
			requirement = {
				kind = upToNextMajorVersion;
				minimumVersion = 10.19.1;
			};
		};
/* End XCRemoteSwiftPackageReference section */

/* Begin XCSwiftPackageProductDependency section */
		69384F552B9493DE005583E6 /* Alamofire */ = {
			isa = XCSwiftPackageProductDependency;
			package = 69384F542B9493DE005583E6 /* XCRemoteSwiftPackageReference "Alamofire" */;
			productName = Alamofire;
		};
		694747B02BA0930100C58037 /* SwiftDataTables */ = {
			isa = XCSwiftPackageProductDependency;
			package = 694747AF2BA0930100C58037 /* XCRemoteSwiftPackageReference "SwiftDataTables" */;
			productName = SwiftDataTables;
		};
		694747BA2BA9C81600C58037 /* SwiftEntryKit */ = {
			isa = XCSwiftPackageProductDependency;
			package = 694747B92BA9C81600C58037 /* XCRemoteSwiftPackageReference "SwiftEntryKit" */;
			productName = SwiftEntryKit;
		};
		694807C32B5D14BD000AEEC5 /* IQKeyboardManagerSwift */ = {
			isa = XCSwiftPackageProductDependency;
			package = 694807C22B5D14BD000AEEC5 /* XCRemoteSwiftPackageReference "IQKeyboardManager" */;
			productName = IQKeyboardManagerSwift;
		};
		695657182B6238270040D532 /* YoutubePlayerView */ = {
			isa = XCSwiftPackageProductDependency;
			package = 695657172B6238270040D532 /* XCRemoteSwiftPackageReference "YoutubePlayerView" */;
			productName = YoutubePlayerView;
		};
		6956571B2B70BC8B0040D532 /* BonsaiController */ = {
			isa = XCSwiftPackageProductDependency;
			package = 6956571A2B70BC8B0040D532 /* XCRemoteSwiftPackageReference "Bonsai" */;
			productName = BonsaiController;
		};
		695657202B722A2E0040D532 /* SwiftOpenAI */ = {
			isa = XCSwiftPackageProductDependency;
			package = 6956571F2B722A2E0040D532 /* XCRemoteSwiftPackageReference "SwiftOpenAI" */;
			productName = SwiftOpenAI;
		};
		6959415F2B590C9400E34446 /* FirebaseAuthCombine-Community */ = {
			isa = XCSwiftPackageProductDependency;
			productName = "FirebaseAuthCombine-Community";
		};
		695941612B590C9500E34446 /* FirebaseFirestoreCombine-Community */ = {
			isa = XCSwiftPackageProductDependency;
			productName = "FirebaseFirestoreCombine-Community";
		};
		6967183B2B57BA0600C57930 /* NVActivityIndicatorView */ = {
			isa = XCSwiftPackageProductDependency;
			package = 6967183A2B57BA0600C57930 /* XCRemoteSwiftPackageReference "NVActivityIndicatorView" */;
			productName = NVActivityIndicatorView;
		};
		6967183D2B57BA0600C57930 /* NVActivityIndicatorViewExtended */ = {
			isa = XCSwiftPackageProductDependency;
			package = 6967183A2B57BA0600C57930 /* XCRemoteSwiftPackageReference "NVActivityIndicatorView" */;
			productName = NVActivityIndicatorViewExtended;
		};
		69875F762B53C16900C78255 /* GoogleSignIn */ = {
			isa = XCSwiftPackageProductDependency;
			package = 69875F752B53C16900C78255 /* XCRemoteSwiftPackageReference "GoogleSignIn-iOS" */;
			productName = GoogleSignIn;
		};
		69875F782B53C16900C78255 /* GoogleSignInSwift */ = {
			isa = XCSwiftPackageProductDependency;
			package = 69875F752B53C16900C78255 /* XCRemoteSwiftPackageReference "GoogleSignIn-iOS" */;
			productName = GoogleSignInSwift;
		};
		69B854AD2B4587F2006BF74D /* FirebaseAuth */ = {
			isa = XCSwiftPackageProductDependency;
			package = 69B854AC2B458709006BF74D /* XCRemoteSwiftPackageReference "firebase-ios-sdk" */;
			productName = FirebaseAuth;
		};
		69B854AF2B4587F2006BF74D /* FirebaseDatabase */ = {
			isa = XCSwiftPackageProductDependency;
			package = 69B854AC2B458709006BF74D /* XCRemoteSwiftPackageReference "firebase-ios-sdk" */;
			productName = FirebaseDatabase;
		};
		69B854B12B4587F2006BF74D /* FirebaseDatabaseSwift */ = {
			isa = XCSwiftPackageProductDependency;
			package = 69B854AC2B458709006BF74D /* XCRemoteSwiftPackageReference "firebase-ios-sdk" */;
			productName = FirebaseDatabaseSwift;
		};
		69B854B32B4587F2006BF74D /* FirebaseFirestore */ = {
			isa = XCSwiftPackageProductDependency;
			package = 69B854AC2B458709006BF74D /* XCRemoteSwiftPackageReference "firebase-ios-sdk" */;
			productName = FirebaseFirestore;
		};
		69B854B52B4587F2006BF74D /* FirebaseFirestoreSwift */ = {
			isa = XCSwiftPackageProductDependency;
			package = 69B854AC2B458709006BF74D /* XCRemoteSwiftPackageReference "firebase-ios-sdk" */;
			productName = FirebaseFirestoreSwift;
		};
		69B854B72B4587F2006BF74D /* FirebaseRemoteConfig */ = {
			isa = XCSwiftPackageProductDependency;
			package = 69B854AC2B458709006BF74D /* XCRemoteSwiftPackageReference "firebase-ios-sdk" */;
			productName = FirebaseRemoteConfig;
		};
		69B854B92B4587F2006BF74D /* FirebaseStorage */ = {
			isa = XCSwiftPackageProductDependency;
			package = 69B854AC2B458709006BF74D /* XCRemoteSwiftPackageReference "firebase-ios-sdk" */;
			productName = FirebaseStorage;
		};
/* End XCSwiftPackageProductDependency section */
	};
	rootObject = 697077F52B3F5C8F0014C56C /* Project object */;
}
